
Microsoft Visual Studio Solution File, Format Version 12.00
# Visual Studio Version 17
VisualStudioVersion = 17.1.32210.238
MinimumVisualStudioVersion = 10.0.40219.1
Project("{A07B5EB6-E848-4116-A8D0-A826331D98C6}") = "TouristApp", "TouristApp\TouristApp.sfproj", "{AFFC74FD-9503-4665-8608-FC25E16EAAEA}"
EndProject
Project("{FAE04EC0-301F-11D3-BF4B-00C04F79EFBC}") = "RecommendationService", "RecommendationService\RecommendationService.csproj", "{34DE9C9A-83F8-4ADE-A9C1-F19EB5D27696}"
EndProject
Project("{FAE04EC0-301F-11D3-BF4B-00C04F79EFBC}") = "Common", "Common\Common.csproj", "{B584BB62-A963-4700-96F5-CA5E06E29FA0}"
EndProject
Project("{FAE04EC0-301F-11D3-BF4B-00C04F79EFBC}") = "Client", "Client\Client.csproj", "{77F8FEBD-AB7C-4304-9FBD-84767DAB9859}"
EndProject
Global
	GlobalSection(SolutionConfigurationPlatforms) = preSolution
		Debug|Any CPU = Debug|Any CPU
		Debug|x64 = Debug|x64
		Release|Any CPU = Release|Any CPU
		Release|x64 = Release|x64
	EndGlobalSection
	GlobalSection(ProjectConfigurationPlatforms) = postSolution
		{AFFC74FD-9503-4665-8608-FC25E16EAAEA}.Debug|Any CPU.ActiveCfg = Debug|x64
		{AFFC74FD-9503-4665-8608-FC25E16EAAEA}.Debug|Any CPU.Build.0 = Debug|x64
		{AFFC74FD-9503-4665-8608-FC25E16EAAEA}.Debug|Any CPU.Deploy.0 = Debug|x64
		{AFFC74FD-9503-4665-8608-FC25E16EAAEA}.Debug|x64.ActiveCfg = Debug|x64
		{AFFC74FD-9503-4665-8608-FC25E16EAAEA}.Debug|x64.Build.0 = Debug|x64
		{AFFC74FD-9503-4665-8608-FC25E16EAAEA}.Debug|x64.Deploy.0 = Debug|x64
		{AFFC74FD-9503-4665-8608-FC25E16EAAEA}.Release|Any CPU.ActiveCfg = Release|x64
		{AFFC74FD-9503-4665-8608-FC25E16EAAEA}.Release|Any CPU.Build.0 = Release|x64
		{AFFC74FD-9503-4665-8608-FC25E16EAAEA}.Release|Any CPU.Deploy.0 = Release|x64
		{AFFC74FD-9503-4665-8608-FC25E16EAAEA}.Release|x64.ActiveCfg = Release|x64
		{AFFC74FD-9503-4665-8608-FC25E16EAAEA}.Release|x64.Build.0 = Release|x64
		{AFFC74FD-9503-4665-8608-FC25E16EAAEA}.Release|x64.Deploy.0 = Release|x64
		{34DE9C9A-83F8-4ADE-A9C1-F19EB5D27696}.Debug|Any CPU.ActiveCfg = Debug|Any CPU
		{34DE9C9A-83F8-4ADE-A9C1-F19EB5D27696}.Debug|Any CPU.Build.0 = Debug|Any CPU
		{34DE9C9A-83F8-4ADE-A9C1-F19EB5D27696}.Debug|x64.ActiveCfg = Debug|Any CPU
		{34DE9C9A-83F8-4ADE-A9C1-F19EB5D27696}.Debug|x64.Build.0 = Debug|Any CPU
		{34DE9C9A-83F8-4ADE-A9C1-F19EB5D27696}.Release|Any CPU.ActiveCfg = Release|Any CPU
		{34DE9C9A-83F8-4ADE-A9C1-F19EB5D27696}.Release|Any CPU.Build.0 = Release|Any CPU
		{34DE9C9A-83F8-4ADE-A9C1-F19EB5D27696}.Release|x64.ActiveCfg = Release|Any CPU
		{34DE9C9A-83F8-4ADE-A9C1-F19EB5D27696}.Release|x64.Build.0 = Release|Any CPU
		{B584BB62-A963-4700-96F5-CA5E06E29FA0}.Debug|Any CPU.ActiveCfg = Debug|Any CPU
		{B584BB62-A963-4700-96F5-CA5E06E29FA0}.Debug|Any CPU.Build.0 = Debug|Any CPU
		{B584BB62-A963-4700-96F5-CA5E06E29FA0}.Debug|x64.ActiveCfg = Debug|Any CPU
		{B584BB62-A963-4700-96F5-CA5E06E29FA0}.Debug|x64.Build.0 = Debug|Any CPU
		{B584BB62-A963-4700-96F5-CA5E06E29FA0}.Release|Any CPU.ActiveCfg = Release|Any CPU
		{B584BB62-A963-4700-96F5-CA5E06E29FA0}.Release|Any CPU.Build.0 = Release|Any CPU
		{B584BB62-A963-4700-96F5-CA5E06E29FA0}.Release|x64.ActiveCfg = Release|Any CPU
		{B584BB62-A963-4700-96F5-CA5E06E29FA0}.Release|x64.Build.0 = Release|Any CPU
		{77F8FEBD-AB7C-4304-9FBD-84767DAB9859}.Debug|Any CPU.ActiveCfg = Debug|Any CPU
		{77F8FEBD-AB7C-4304-9FBD-84767DAB9859}.Debug|Any CPU.Build.0 = Debug|Any CPU
		{77F8FEBD-AB7C-4304-9FBD-84767DAB9859}.Debug|x64.ActiveCfg = Debug|Any CPU
		{77F8FEBD-AB7C-4304-9FBD-84767DAB9859}.Debug|x64.Build.0 = Debug|Any CPU
		{77F8FEBD-AB7C-4304-9FBD-84767DAB9859}.Release|Any CPU.ActiveCfg = Release|Any CPU
		{77F8FEBD-AB7C-4304-9FBD-84767DAB9859}.Release|Any CPU.Build.0 = Release|Any CPU
		{77F8FEBD-AB7C-4304-9FBD-84767DAB9859}.Release|x64.ActiveCfg = Release|Any CPU
		{77F8FEBD-AB7C-4304-9FBD-84767DAB9859}.Release|x64.Build.0 = Release|Any CPU
	EndGlobalSection
	GlobalSection(SolutionProperties) = preSolution
		HideSolutionNode = FALSE
	EndGlobalSection
	GlobalSection(ExtensibilityGlobals) = postSolution
		SolutionGuid = {E0046ED6-704E-4E75-95D7-B98BD425BD5E}
	EndGlobalSection
EndGlobal
